
Microsoft Visual Studio Solution File, Format Version 12.00
# Visual Studio Version 17
VisualStudioVersion = 17.7.34221.43
MinimumVisualStudioVersion = 10.0.40219.1
Project("{FAE04EC0-301F-11D3-BF4B-00C04F79EFBC}") = "CalcCDB", "CalcCDB\CalcCDB.csproj", "{7A867D07-5DDC-44EA-A6C4-34D635F9A9FA}"
EndProject
Project("{E24C65DC-7377-472B-9ABA-BC803B73C61A}") = "Angular", "Angular\", "{80368EFB-85F9-4578-803E-A1539465490D}"
	ProjectSection(WebsiteProperties) = preProject
		TargetFrameworkMoniker = ".NETFramework,Version%3Dv4.8.1"
		Debug.AspNetCompiler.VirtualPath = "/localhost_63519"
		Debug.AspNetCompiler.PhysicalPath = "Angular\"
		Debug.AspNetCompiler.TargetPath = "PrecompiledWeb\localhost_63519\"
		Debug.AspNetCompiler.Updateable = "true"
		Debug.AspNetCompiler.ForceOverwrite = "true"
		Debug.AspNetCompiler.FixedNames = "false"
		Debug.AspNetCompiler.Debug = "True"
		Release.AspNetCompiler.VirtualPath = "/localhost_63519"
		Release.AspNetCompiler.PhysicalPath = "Angular\"
		Release.AspNetCompiler.TargetPath = "PrecompiledWeb\localhost_63519\"
		Release.AspNetCompiler.Updateable = "true"
		Release.AspNetCompiler.ForceOverwrite = "true"
		Release.AspNetCompiler.FixedNames = "false"
		Release.AspNetCompiler.Debug = "False"
		VWDPort = "63519"
	EndProjectSection
EndProject
Global
	GlobalSection(SolutionConfigurationPlatforms) = preSolution
		Debug|Any CPU = Debug|Any CPU
		Release|Any CPU = Release|Any CPU
	EndGlobalSection
	GlobalSection(ProjectConfigurationPlatforms) = postSolution
		{7A867D07-5DDC-44EA-A6C4-34D635F9A9FA}.Debug|Any CPU.ActiveCfg = Debug|Any CPU
		{7A867D07-5DDC-44EA-A6C4-34D635F9A9FA}.Debug|Any CPU.Build.0 = Debug|Any CPU
		{7A867D07-5DDC-44EA-A6C4-34D635F9A9FA}.Release|Any CPU.ActiveCfg = Release|Any CPU
		{7A867D07-5DDC-44EA-A6C4-34D635F9A9FA}.Release|Any CPU.Build.0 = Release|Any CPU
		{80368EFB-85F9-4578-803E-A1539465490D}.Debug|Any CPU.ActiveCfg = Debug|Any CPU
		{80368EFB-85F9-4578-803E-A1539465490D}.Debug|Any CPU.Build.0 = Debug|Any CPU
		{80368EFB-85F9-4578-803E-A1539465490D}.Release|Any CPU.ActiveCfg = Debug|Any CPU
		{80368EFB-85F9-4578-803E-A1539465490D}.Release|Any CPU.Build.0 = Debug|Any CPU
	EndGlobalSection
	GlobalSection(SolutionProperties) = preSolution
		HideSolutionNode = FALSE
	EndGlobalSection
	GlobalSection(ExtensibilityGlobals) = postSolution
		SolutionGuid = {722F24DA-E630-41AE-A276-CB56BA32029C}
	EndGlobalSection
EndGlobal
